<?xml version="1.0" encoding="utf-8"?>
<Project ToolsVersion="4.0" xmlns="http://schemas.microsoft.com/developer/msbuild/2003">
  <ItemGroup>
    <Filter Include="Source Files">
      <UniqueIdentifier>{4FC737F1-C7A5-4376-A066-2A32D752A2FF}</UniqueIdentifier>
      <Extensions>cpp;c;cc;cxx;def;odl;idl;hpj;bat;asm;asmx</Extensions>
    </Filter>
    <Filter Include="Header Files">
      <UniqueIdentifier>{93995380-89BD-4b04-88EB-625FBE52EBFB}</UniqueIdentifier>
      <Extensions>h;hpp;hxx;hm;inl;inc;xsd</Extensions>
    </Filter>
    <Filter Include="Resource Files">
      <UniqueIdentifier>{67DA6AB6-F800-4c08-8B7A-83BB121AAD01}</UniqueIdentifier>
      <Extensions>rc;ico;cur;bmp;dlg;rc2;rct;bin;rgs;gif;jpg;jpeg;jpe;resx;tiff;tif;png;wav;mfcribbon-ms</Extensions>
    </Filter>
    <Filter Include="Header Files\Entities">
      <UniqueIdentifier>{df8fea8e-467d-4eed-9453-e6d1fb0c300e}</UniqueIdentifier>
    </Filter>
    <Filter Include="Source Files\Entities">
      <UniqueIdentifier>{aeae7331-b73d-4a5e-9d12-77ae0c69cc95}</UniqueIdentifier>
    </Filter>
    <Filter Include="Header Files\Objects">
      <UniqueIdentifier>{ed67f5fc-79d1-4d68-b814-d73906ca09d5}</UniqueIdentifier>
    </Filter>
    <Filter Include="Source Files\Objects">
      <UniqueIdentifier>{70857936-6c45-4d3d-a4bf-afb920ec8dcb}</UniqueIdentifier>
    </Filter>
    <Filter Include="Header Files\Effects">
      <UniqueIdentifier>{c56562e0-6605-4b3a-8900-c148560e9462}</UniqueIdentifier>
    </Filter>
    <Filter Include="Source Files\Effects">
      <UniqueIdentifier>{55a1548a-de58-4055-911c-1c2a29854d4c}</UniqueIdentifier>
    </Filter>
    <Filter Include="Header Files\Objects\Food">
      <UniqueIdentifier>{d4285270-3b02-4793-8c08-3b4c6897a859}</UniqueIdentifier>
    </Filter>
    <Filter Include="Source Files\Objects\Food">
      <UniqueIdentifier>{c736fe16-b2db-4056-851a-5cf6f66a1a9e}</UniqueIdentifier>
    </Filter>
    <Filter Include="Header Files\Entities\AI">
      <UniqueIdentifier>{af084c62-b4f1-41a5-b087-cb7f785e35ac}</UniqueIdentifier>
    </Filter>
    <Filter Include="Source Files\Entities\AI">
      <UniqueIdentifier>{5bd48707-cff6-4893-ad66-ce5cc62562da}</UniqueIdentifier>
    </Filter>
    <Filter Include="Header Files\Models">
      <UniqueIdentifier>{73e48530-c461-403c-acd3-e8f3cff45449}</UniqueIdentifier>
    </Filter>
    <Filter Include="Header Files\Models\Entities">
      <UniqueIdentifier>{a4eb3c2d-84fb-4ddd-9ad8-65bb1ebe39f4}</UniqueIdentifier>
    </Filter>
    <Filter Include="Header Files\Models\Objects">
      <UniqueIdentifier>{062b8adb-9328-45ad-85dd-d3aaa1bfc182}</UniqueIdentifier>
    </Filter>
    <Filter Include="Source Files\Models">
      <UniqueIdentifier>{74e68db0-1c46-46dc-8b24-4be662313cb5}</UniqueIdentifier>
    </Filter>
    <Filter Include="Source Files\Models\Entities">
      <UniqueIdentifier>{897e6092-3a9f-43bd-9b1f-ad4aa330d11c}</UniqueIdentifier>
    </Filter>
    <Filter Include="Source Files\Models\Objects">
      <UniqueIdentifier>{6f4db0bb-706a-41fc-93c0-c40e5b2c48fe}</UniqueIdentifier>
    </Filter>
  </ItemGroup>
  <ItemGroup>
    <ClCompile Include="Main.cpp">
      <Filter>Source Files</Filter>
    </ClCompile>
    <ClCompile Include="Game.cpp">
      <Filter>Source Files</Filter>
    </ClCompile>
    <ClCompile Include="PacMan.cpp">
      <Filter>Source Files\Entities</Filter>
    </ClCompile>
    <ClCompile Include="Entity.cpp">
      <Filter>Source Files\Entities</Filter>
    </ClCompile>
    <ClCompile Include="Board.cpp">
      <Filter>Source Files</Filter>
    </ClCompile>
    <ClCompile Include="Ghost.cpp">
      <Filter>Source Files\Entities</Filter>
    </ClCompile>
    <ClCompile Include="Wall.cpp">
      <Filter>Source Files\Objects</Filter>
    </ClCompile>
    <ClCompile Include="Gate.cpp">
      <Filter>Source Files\Objects</Filter>
    </ClCompile>
    <ClCompile Include="Portal.cpp">
      <Filter>Source Files\Objects</Filter>
    </ClCompile>
    <ClCompile Include="GameObject.cpp">
      <Filter>Source Files\Objects</Filter>
    </ClCompile>
    <ClCompile Include="Food.cpp">
      <Filter>Source Files\Objects\Food</Filter>
    </ClCompile>
    <ClCompile Include="SpecialFood.cpp">
      <Filter>Source Files\Objects\Food</Filter>
    </ClCompile>
    <ClCompile Include="Effect.cpp">
      <Filter>Source Files\Effects</Filter>
    </ClCompile>
    <ClCompile Include="BoardCoordinates.cpp">
      <Filter>Source Files</Filter>
    </ClCompile>
    <ClCompile Include="FoodEffect.cpp">
      <Filter>Source Files\Effects</Filter>
    </ClCompile>
    <ClCompile Include="AIBehaviour.cpp">
      <Filter>Source Files\Entities\AI</Filter>
    </ClCompile>
    <ClCompile Include="ChaseAI.cpp">
      <Filter>Source Files\Entities\AI</Filter>
    </ClCompile>
    <ClCompile Include="ScatterAI.cpp">
      <Filter>Source Files\Entities\AI</Filter>
    </ClCompile>
    <ClCompile Include="GhostSpawner.cpp">
      <Filter>Source Files\Objects</Filter>
    </ClCompile>
    <ClCompile Include="DummyEntity.cpp">
      <Filter>Source Files\Entities</Filter>
    </ClCompile>
    <ClCompile Include="Model.cpp">
      <Filter>Source Files\Models</Filter>
    </ClCompile>
    <ClCompile Include="EntityModel.cpp">
      <Filter>Source Files\Models\Entities</Filter>
    </ClCompile>
    <ClCompile Include="ObjectModel.cpp">
      <Filter>Source Files\Models\Objects</Filter>
    </ClCompile>
    <ClCompile Include="GhostModel.cpp">
      <Filter>Source Files\Models\Entities</Filter>
    </ClCompile>
    <ClCompile Include="PacmanModel.cpp">
      <Filter>Source Files\Models\Entities</Filter>
    </ClCompile>
    <ClCompile Include="GateModel.cpp">
      <Filter>Source Files\Models\Objects</Filter>
    </ClCompile>
    <ClCompile Include="AnimatedModel.cpp">
      <Filter>Source Files\Models</Filter>
    </ClCompile>
    <ClCompile Include="PortalModel.cpp">
      <Filter>Source Files\Models\Objects</Filter>
    </ClCompile>
    <ClCompile Include="WallModel.cpp">
      <Filter>Source Files\Models\Objects</Filter>
    </ClCompile>
    <ClCompile Include="FoodModel.cpp">
      <Filter>Source Files\Models\Objects</Filter>
    </ClCompile>
    <ClCompile Include="AnimatedGameObject.cpp">
      <Filter>Source Files\Objects</Filter>
    </ClCompile>
    <ClCompile Include="AnimatedObjectModel.cpp">
      <Filter>Source Files\Models\Objects</Filter>
    </ClCompile>
    <ClCompile Include="SpecialFoodModel.cpp">
      <Filter>Source Files\Models\Objects</Filter>
    </ClCompile>
    <ClCompile Include="ModelProvider.cpp">
      <Filter>Source Files</Filter>
    </ClCompile>
  </ItemGroup>
  <ItemGroup>
    <ClInclude Include="Game.h">
      <Filter>Header Files</Filter>
    </ClInclude>
    <ClInclude Include="PacMan.h">
      <Filter>Header Files\Entities</Filter>
    </ClInclude>
    <ClInclude Include="Entity.h">
      <Filter>Header Files\Entities</Filter>
    </ClInclude>
    <ClInclude Include="Board.h">
      <Filter>Header Files</Filter>
    </ClInclude>
    <ClInclude Include="Ghost.h">
      <Filter>Header Files\Entities</Filter>
    </ClInclude>
    <ClInclude Include="Wall.h">
      <Filter>Header Files\Objects</Filter>
    </ClInclude>
    <ClInclude Include="Gate.h">
      <Filter>Header Files\Objects</Filter>
    </ClInclude>
    <ClInclude Include="Portal.h">
      <Filter>Header Files\Objects</Filter>
    </ClInclude>
    <ClInclude Include="GameObject.h">
      <Filter>Header Files\Objects</Filter>
    </ClInclude>
    <ClInclude Include="Food.h">
      <Filter>Header Files\Objects\Food</Filter>
    </ClInclude>
    <ClInclude Include="SpecialFood.h">
      <Filter>Header Files\Objects\Food</Filter>
    </ClInclude>
    <ClInclude Include="Effect.h">
      <Filter>Header Files\Effects</Filter>
    </ClInclude>
    <ClInclude Include="FoodEffect.h">
      <Filter>Header Files\Effects</Filter>
    </ClInclude>
    <ClInclude Include="BoardCoordinates.h">
      <Filter>Header Files</Filter>
    </ClInclude>
    <ClInclude Include="GameStaticSettings.h">
      <Filter>Header Files</Filter>
    </ClInclude>
    <ClInclude Include="AIBehaviour.h">
      <Filter>Header Files\Entities\AI</Filter>
    </ClInclude>
    <ClInclude Include="ChaseAI.h">
      <Filter>Header Files\Entities\AI</Filter>
    </ClInclude>
    <ClInclude Include="ScatterAI.h">
      <Filter>Header Files\Entities\AI</Filter>
    </ClInclude>
    <ClInclude Include="GhostSpawner.h">
      <Filter>Header Files\Objects</Filter>
    </ClInclude>
    <ClInclude Include="DummyEntity.h">
      <Filter>Header Files\Entities</Filter>
    </ClInclude>
    <ClInclude Include="Model.h">
      <Filter>Header Files\Models</Filter>
    </ClInclude>
    <ClInclude Include="EntityModel.h">
      <Filter>Header Files\Models\Entities</Filter>
    </ClInclude>
    <ClInclude Include="ObjectModel.h">
      <Filter>Header Files\Models\Objects</Filter>
    </ClInclude>
    <ClInclude Include="GhostModel.h">
      <Filter>Header Files\Models\Entities</Filter>
    </ClInclude>
    <ClInclude Include="PacmanModel.h">
      <Filter>Header Files\Models\Entities</Filter>
    </ClInclude>
    <ClInclude Include="GateModel.h">
      <Filter>Header Files\Models\Objects</Filter>
    </ClInclude>
    <ClInclude Include="AnimatedModel.h">
      <Filter>Header Files\Models</Filter>
    </ClInclude>
    <ClInclude Include="PortalModel.h">
      <Filter>Header Files\Models\Objects</Filter>
    </ClInclude>
    <ClInclude Include="WallModel.h">
      <Filter>Header Files\Models\Objects</Filter>
    </ClInclude>
    <ClInclude Include="FoodModel.h">
      <Filter>Header Files\Models\Objects</Filter>
    </ClInclude>
    <ClInclude Include="AnimatedGameObject.h">
      <Filter>Header Files\Objects</Filter>
    </ClInclude>
    <ClInclude Include="AnimatedObjectModel.h">
      <Filter>Header Files\Models\Objects</Filter>
    </ClInclude>
    <ClInclude Include="SpecialFoodModel.h">
      <Filter>Header Files\Models\Objects</Filter>
    </ClInclude>
    <ClInclude Include="ModelProvider.h">
      <Filter>Header Files</Filter>
    </ClInclude>
  </ItemGroup>
  <ItemGroup>
    <None Include="BoardDesigns\cg.board">
      <Filter>Resource Files</Filter>
    </None>
    <None Include="BoardDesigns\classic.board">
      <Filter>Resource Files</Filter>
    </None>
  </ItemGroup>
</Project>